
Microsoft Visual Studio Solution File, Format Version 12.00
# Visual Studio 15
Project("{FAE04EC0-301F-11D3-BF4B-00C04F79EFBC}") = "OnlinePracticeCodes", "OnlinePracticeCodes\OnlinePracticeCodes.csproj", "{6E1C3220-F255-4056-B008-1FA2952D7828}"
EndProject
Global
	GlobalSection(SolutionConfigurationPlatforms) = preSolution
		Debug|x86 = Debug|x86
		Release|x86 = Release|x86
	EndGlobalSection
	GlobalSection(ProjectConfigurationPlatforms) = postSolution
		{6E1C3220-F255-4056-B008-1FA2952D7828}.Debug|x86.ActiveCfg = Debug|x86
		{6E1C3220-F255-4056-B008-1FA2952D7828}.Debug|x86.Build.0 = Debug|x86
		{6E1C3220-F255-4056-B008-1FA2952D7828}.Release|x86.ActiveCfg = Release|x86
		{6E1C3220-F255-4056-B008-1FA2952D7828}.Release|x86.Build.0 = Release|x86
	EndGlobalSection
EndGlobal
